// !$*UTF8*$!
{
	archiveVersion = 1;
	classes = {
	};
	objectVersion = 46;
	objects = {

/* Begin PBXBuildFile section */
		4B958CF6198F93CA00C2A893 /* MessageUI.framework in Frameworks */ = {isa = PBXBuildFile; fileRef = 4B958CF5198F93CA00C2A893 /* MessageUI.framework */; };
		4B9A8117196BC3EB00E3F1BA /* menu.png in Resources */ = {isa = PBXBuildFile; fileRef = 4B9A8115196BC3EB00E3F1BA /* menu.png */; };
		4B9A8118196BC3EB00E3F1BA /* menu@2x.png in Resources */ = {isa = PBXBuildFile; fileRef = 4B9A8116196BC3EB00E3F1BA /* menu@2x.png */; };
		7D167223194C3F650005FC96 /* cawver-logo.png in Resources */ = {isa = PBXBuildFile; fileRef = 7D167222194C3F650005FC96 /* cawver-logo.png */; };
		7D1A37D1194D6434002D40DB /* SWCustomer.m in Sources */ = {isa = PBXBuildFile; fileRef = 7D1A37D0194D6434002D40DB /* SWCustomer.m */; };
		7D1A37D5194D745D002D40DB /* SWNetwork.m in Sources */ = {isa = PBXBuildFile; fileRef = 7D1A37D4194D745D002D40DB /* SWNetwork.m */; };
		7D1A37D9194D7FC6002D40DB /* SWNetworkException.m in Sources */ = {isa = PBXBuildFile; fileRef = 7D1A37D8194D7FC6002D40DB /* SWNetworkException.m */; };
		7D1A37DC194D7FF9002D40DB /* SWNetworkCommunicator.m in Sources */ = {isa = PBXBuildFile; fileRef = 7D1A37DB194D7FF9002D40DB /* SWNetworkCommunicator.m */; };
		7D1A37E0194D8084002D40DB /* endpointProperties.plist in Resources */ = {isa = PBXBuildFile; fileRef = 7D1A37DF194D8084002D40DB /* endpointProperties.plist */; };
		7D1B7378195F15EB00D8A03B /* whiteButtonHighlight.png in Resources */ = {isa = PBXBuildFile; fileRef = 7D1B7377195F15EB00D8A03B /* whiteButtonHighlight.png */; };
		7D1B737A195F169C00D8A03B /* whiteButton.png in Resources */ = {isa = PBXBuildFile; fileRef = 7D1B7379195F169C00D8A03B /* whiteButton.png */; };
		7D1B737D195F17A400D8A03B /* SWChooseProfilePicController.m in Sources */ = {isa = PBXBuildFile; fileRef = 7D1B737C195F17A400D8A03B /* SWChooseProfilePicController.m */; };
		7D1B7380195F1D7C00D8A03B /* SWButton.m in Sources */ = {isa = PBXBuildFile; fileRef = 7D1B737F195F1D7C00D8A03B /* SWButton.m */; };
		7D1B8C0519725F0100E42C85 /* ImageLoader.m in Sources */ = {isa = PBXBuildFile; fileRef = 7D1B8C0419725F0100E42C85 /* ImageLoader.m */; };
		7D2EE8B41932212C00D5FE79 /* SWEnterMerchantController.m in Sources */ = {isa = PBXBuildFile; fileRef = 7D2EE8B31932212C00D5FE79 /* SWEnterMerchantController.m */; };
		7D32C8541931061E0078EFB2 /* Checkbox_ Empty.png in Resources */ = {isa = PBXBuildFile; fileRef = 7D32C8521931061E0078EFB2 /* Checkbox_ Empty.png */; };
		7D32C8551931061E0078EFB2 /* Checkbox_Full.png in Resources */ = {isa = PBXBuildFile; fileRef = 7D32C8531931061E0078EFB2 /* Checkbox_Full.png */; };
		7D344C941931AD91008A071B /* empty_checkbox.png in Resources */ = {isa = PBXBuildFile; fileRef = 7D344C931931AD91008A071B /* empty_checkbox.png */; };
		7D344C971931AEE0008A071B /* radio-button-off-icon.png in Resources */ = {isa = PBXBuildFile; fileRef = 7D344C951931AEE0008A071B /* radio-button-off-icon.png */; };
		7D344C981931AEE0008A071B /* radio-button-on-icon.png in Resources */ = {isa = PBXBuildFile; fileRef = 7D344C961931AEE0008A071B /* radio-button-on-icon.png */; };
		7D37B9F11930717A00B2AC73 /* QuartzCore.framework in Frameworks */ = {isa = PBXBuildFile; fileRef = 7D37B9F01930717A00B2AC73 /* QuartzCore.framework */; };
		7D37B9F319308F6200B2AC73 /* Settings.plist in Resources */ = {isa = PBXBuildFile; fileRef = 7D37B9F219308F6200B2AC73 /* Settings.plist */; };
		7D37B9F61930A2B300B2AC73 /* SWSettingsController.m in Sources */ = {isa = PBXBuildFile; fileRef = 7D37B9F51930A2B300B2AC73 /* SWSettingsController.m */; };
		7D3A82CD1960505B00F84343 /* SWUploadProfilePicController.m in Sources */ = {isa = PBXBuildFile; fileRef = 7D3A82CC1960505B00F84343 /* SWUploadProfilePicController.m */; };
		7D3EBFF419702D340087C349 /* ic_home.png in Resources */ = {isa = PBXBuildFile; fileRef = 7D3EBFF319702D340087C349 /* ic_home.png */; };
		7D3EBFF6197030DF0087C349 /* ic_settings.png in Resources */ = {isa = PBXBuildFile; fileRef = 7D3EBFF5197030DF0087C349 /* ic_settings.png */; };
		7D3F8464197AABD5008ACAF7 /* add_friend.png in Resources */ = {isa = PBXBuildFile; fileRef = 7D3F8462197AABD5008ACAF7 /* add_friend.png */; };
		7D3F8465197AABD5008ACAF7 /* addafriendlogo.png in Resources */ = {isa = PBXBuildFile; fileRef = 7D3F8463197AABD5008ACAF7 /* addafriendlogo.png */; };
		7D3F8468197ABEB9008ACAF7 /* SWInviteFriendController.m in Sources */ = {isa = PBXBuildFile; fileRef = 7D3F8467197ABEB9008ACAF7 /* SWInviteFriendController.m */; };
		7D420A38195736C5009AE282 /* SWCustomerLocation.m in Sources */ = {isa = PBXBuildFile; fileRef = 7D420A37195736C5009AE282 /* SWCustomerLocation.m */; };
		7D4AE7731967CC8800698B22 /* SqliteStorage.m in Sources */ = {isa = PBXBuildFile; fileRef = 7D4AE7721967CC8800698B22 /* SqliteStorage.m */; };
		7D4AE7751967CF0900698B22 /* libsqlite3.dylib in Frameworks */ = {isa = PBXBuildFile; fileRef = 7D4AE7741967CF0900698B22 /* libsqlite3.dylib */; };
		7D537C77195A010A00EF69EE /* SWMerchantOutlet.m in Sources */ = {isa = PBXBuildFile; fileRef = 7D537C76195A010A00EF69EE /* SWMerchantOutlet.m */; };
		7D55FFA9196913BE0050A993 /* SWFriend.m in Sources */ = {isa = PBXBuildFile; fileRef = 7D55FFA8196913BE0050A993 /* SWFriend.m */; };
		7D55FFAD196918ED0050A993 /* AddFriendsService.m in Sources */ = {isa = PBXBuildFile; fileRef = 7D55FFAC196918ED0050A993 /* AddFriendsService.m */; };
		7D55FFB1196928260050A993 /* SWFriendsStorage.m in Sources */ = {isa = PBXBuildFile; fileRef = 7D55FFB0196928260050A993 /* SWFriendsStorage.m */; };
		7D64A3A3196700E200648339 /* Localizable.strings in Resources */ = {isa = PBXBuildFile; fileRef = 7D64A3A2196700E200648339 /* Localizable.strings */; };
		7D6DAB2A196B117F0097F850 /* SWHomeController.m in Sources */ = {isa = PBXBuildFile; fileRef = 7D6DAB29196B117F0097F850 /* SWHomeController.m */; };
		7D6DAB31196B27050097F850 /* SWRevealViewController.m in Sources */ = {isa = PBXBuildFile; fileRef = 7D6DAB30196B27050097F850 /* SWRevealViewController.m */; };
		7D6DAB34196B271C0097F850 /* SidebarViewController.m in Sources */ = {isa = PBXBuildFile; fileRef = 7D6DAB33196B271C0097F850 /* SidebarViewController.m */; };
		7D70C8D0198EAAE10071CF48 /* sms.png in Resources */ = {isa = PBXBuildFile; fileRef = 7D70C8CF198EAAE10071CF48 /* sms.png */; };
		7D70C8D2198EACA20071CF48 /* email.png in Resources */ = {isa = PBXBuildFile; fileRef = 7D70C8D1198EACA20071CF48 /* email.png */; };
		7D736B5B196989A000CED1A6 /* SWFriendsListController.m in Sources */ = {isa = PBXBuildFile; fileRef = 7D736B5A196989A000CED1A6 /* SWFriendsListController.m */; };
		7D736B5D196989E500CED1A6 /* friend-icon.png in Resources */ = {isa = PBXBuildFile; fileRef = 7D736B5C196989E500CED1A6 /* friend-icon.png */; };
		7D736B5F19698BC100CED1A6 /* friend-icon-small.png in Resources */ = {isa = PBXBuildFile; fileRef = 7D736B5E19698BC100CED1A6 /* friend-icon-small.png */; };
		7D862E1C194C1AA6001C7DCE /* ic_launcher.png in Resources */ = {isa = PBXBuildFile; fileRef = 7D862E1B194C1AA6001C7DCE /* ic_launcher.png */; };
		7D944EEA192D071100A560CC /* home_filled-25.png in Resources */ = {isa = PBXBuildFile; fileRef = 7D944EE7192D071100A560CC /* home_filled-25.png */; };
		7D944EEB192D071100A560CC /* settings-25.png in Resources */ = {isa = PBXBuildFile; fileRef = 7D944EE8192D071100A560CC /* settings-25.png */; };
		7D944EEC192D071100A560CC /* swiff_logo.gif in Resources */ = {isa = PBXBuildFile; fileRef = 7D944EE9192D071100A560CC /* swiff_logo.gif */; };
		7DCDAFA41956AB080064F6A0 /* SWProgressIndicator.m in Sources */ = {isa = PBXBuildFile; fileRef = 7DCDAFA31956AB080064F6A0 /* SWProgressIndicator.m */; };
		7DCDAFA71956B1800064F6A0 /* SWGeneralStateDialog.m in Sources */ = {isa = PBXBuildFile; fileRef = 7DCDAFA61956B1800064F6A0 /* SWGeneralStateDialog.m */; };
		CE6D8B5B19151FD500AF6E03 /* SettingsManager.m in Sources */ = {isa = PBXBuildFile; fileRef = CE6D8B5A19151FD500AF6E03 /* SettingsManager.m */; };
		CE6D8B5F1915542E00AF6E03 /* LocationService.m in Sources */ = {isa = PBXBuildFile; fileRef = CE6D8B5E1915542E00AF6E03 /* LocationService.m */; };
		CE6F3206190D363B00D66E1C /* JsonSerializer.m in Sources */ = {isa = PBXBuildFile; fileRef = CE6F3205190D363B00D66E1C /* JsonSerializer.m */; };
		CE6F320C190D51D900D66E1C /* TestObject.m in Sources */ = {isa = PBXBuildFile; fileRef = CE6F320B190D51D900D66E1C /* TestObject.m */; };
		CE6F320F190D5E3600D66E1C /* RelatedObject.m in Sources */ = {isa = PBXBuildFile; fileRef = CE6F320E190D5E3600D66E1C /* RelatedObject.m */; };
		CE767EAF1916015A00629F65 /* MainStoryboard.storyboard in Resources */ = {isa = PBXBuildFile; fileRef = CE767EAE1916015A00629F65 /* MainStoryboard.storyboard */; };
		CE767EB5191606B300629F65 /* SWStartUpControllerViewController.m in Sources */ = {isa = PBXBuildFile; fileRef = CE767EB4191606B300629F65 /* SWStartUpControllerViewController.m */; };
		CE767EBB1916177A00629F65 /* SWRegistrationViewController.m in Sources */ = {isa = PBXBuildFile; fileRef = CE767EBA1916177A00629F65 /* SWRegistrationViewController.m */; };
		CEF97D1C190CD3B9006C5881 /* UIKit.framework in Frameworks */ = {isa = PBXBuildFile; fileRef = CEF97D1B190CD3B9006C5881 /* UIKit.framework */; };
		CEF97D1E190CD3B9006C5881 /* Foundation.framework in Frameworks */ = {isa = PBXBuildFile; fileRef = CEF97D1D190CD3B9006C5881 /* Foundation.framework */; };
		CEF97D20190CD3B9006C5881 /* CoreGraphics.framework in Frameworks */ = {isa = PBXBuildFile; fileRef = CEF97D1F190CD3B9006C5881 /* CoreGraphics.framework */; };
		CEF97D26190CD3B9006C5881 /* InfoPlist.strings in Resources */ = {isa = PBXBuildFile; fileRef = CEF97D24190CD3B9006C5881 /* InfoPlist.strings */; };
		CEF97D28190CD3B9006C5881 /* main.m in Sources */ = {isa = PBXBuildFile; fileRef = CEF97D27190CD3B9006C5881 /* main.m */; };
		CEF97D2C190CD3B9006C5881 /* SWAppDelegate.m in Sources */ = {isa = PBXBuildFile; fileRef = CEF97D2B190CD3B9006C5881 /* SWAppDelegate.m */; };
		CEF97D2E190CD3B9006C5881 /* Default.png in Resources */ = {isa = PBXBuildFile; fileRef = CEF97D2D190CD3B9006C5881 /* Default.png */; };
		CEF97D30190CD3B9006C5881 /* Default@2x.png in Resources */ = {isa = PBXBuildFile; fileRef = CEF97D2F190CD3B9006C5881 /* Default@2x.png */; };
		CEF97D32190CD3B9006C5881 /* Default-568h@2x.png in Resources */ = {isa = PBXBuildFile; fileRef = CEF97D31190CD3B9006C5881 /* Default-568h@2x.png */; };
		CEF97D39190CD3EF006C5881 /* CoreLocation.framework in Frameworks */ = {isa = PBXBuildFile; fileRef = CEF97D38190CD3EF006C5881 /* CoreLocation.framework */; };
/* End PBXBuildFile section */

/* Begin PBXFileReference section */
		4B958CF5198F93CA00C2A893 /* MessageUI.framework */ = {isa = PBXFileReference; lastKnownFileType = wrapper.framework; name = MessageUI.framework; path = System/Library/Frameworks/MessageUI.framework; sourceTree = SDKROOT; };
		4B9A8115196BC3EB00E3F1BA /* menu.png */ = {isa = PBXFileReference; lastKnownFileType = image.png; name = menu.png; path = "Swiff images/menu.png"; sourceTree = SOURCE_ROOT; };
		4B9A8116196BC3EB00E3F1BA /* menu@2x.png */ = {isa = PBXFileReference; lastKnownFileType = image.png; name = "menu@2x.png"; path = "Swiff images/menu@2x.png"; sourceTree = SOURCE_ROOT; };
		7D167222194C3F650005FC96 /* cawver-logo.png */ = {isa = PBXFileReference; lastKnownFileType = image.png; name = "cawver-logo.png"; path = "Swiff images/cawver-logo.png"; sourceTree = SOURCE_ROOT; };
		7D184FBE1972DAE90028FE6B /* ImageLoaderListener.h */ = {isa = PBXFileReference; lastKnownFileType = sourcecode.c.h; path = ImageLoaderListener.h; sourceTree = "<group>"; };
		7D1A37CF194D6434002D40DB /* SWCustomer.h */ = {isa = PBXFileReference; fileEncoding = 4; lastKnownFileType = sourcecode.c.h; path = SWCustomer.h; sourceTree = "<group>"; };
		7D1A37D0194D6434002D40DB /* SWCustomer.m */ = {isa = PBXFileReference; fileEncoding = 4; lastKnownFileType = sourcecode.c.objc; path = SWCustomer.m; sourceTree = "<group>"; };
		7D1A37D3194D745D002D40DB /* SWNetwork.h */ = {isa = PBXFileReference; fileEncoding = 4; lastKnownFileType = sourcecode.c.h; path = SWNetwork.h; sourceTree = "<group>"; };
		7D1A37D4194D745D002D40DB /* SWNetwork.m */ = {isa = PBXFileReference; fileEncoding = 4; lastKnownFileType = sourcecode.c.objc; path = SWNetwork.m; sourceTree = "<group>"; };
		7D1A37D7194D7FC6002D40DB /* SWNetworkException.h */ = {isa = PBXFileReference; fileEncoding = 4; lastKnownFileType = sourcecode.c.h; path = SWNetworkException.h; sourceTree = "<group>"; };
		7D1A37D8194D7FC6002D40DB /* SWNetworkException.m */ = {isa = PBXFileReference; fileEncoding = 4; lastKnownFileType = sourcecode.c.objc; path = SWNetworkException.m; sourceTree = "<group>"; };
		7D1A37DA194D7FF9002D40DB /* SWNetworkCommunicator.h */ = {isa = PBXFileReference; fileEncoding = 4; lastKnownFileType = sourcecode.c.h; path = SWNetworkCommunicator.h; sourceTree = "<group>"; };
		7D1A37DB194D7FF9002D40DB /* SWNetworkCommunicator.m */ = {isa = PBXFileReference; fileEncoding = 4; lastKnownFileType = sourcecode.c.objc; path = SWNetworkCommunicator.m; sourceTree = "<group>"; };
		7D1A37DF194D8084002D40DB /* endpointProperties.plist */ = {isa = PBXFileReference; fileEncoding = 4; lastKnownFileType = text.plist.xml; path = endpointProperties.plist; sourceTree = "<group>"; };
		7D1B7377195F15EB00D8A03B /* whiteButtonHighlight.png */ = {isa = PBXFileReference; lastKnownFileType = image.png; name = whiteButtonHighlight.png; path = "Swiff images/whiteButtonHighlight.png"; sourceTree = SOURCE_ROOT; };
		7D1B7379195F169C00D8A03B /* whiteButton.png */ = {isa = PBXFileReference; lastKnownFileType = image.png; name = whiteButton.png; path = "Swiff images/whiteButton.png"; sourceTree = SOURCE_ROOT; };
		7D1B737B195F17A400D8A03B /* SWChooseProfilePicController.h */ = {isa = PBXFileReference; fileEncoding = 4; lastKnownFileType = sourcecode.c.h; path = SWChooseProfilePicController.h; sourceTree = "<group>"; };
		7D1B737C195F17A400D8A03B /* SWChooseProfilePicController.m */ = {isa = PBXFileReference; fileEncoding = 4; lastKnownFileType = sourcecode.c.objc; path = SWChooseProfilePicController.m; sourceTree = "<group>"; };
		7D1B737E195F1D7C00D8A03B /* SWButton.h */ = {isa = PBXFileReference; fileEncoding = 4; lastKnownFileType = sourcecode.c.h; path = SWButton.h; sourceTree = "<group>"; };
		7D1B737F195F1D7C00D8A03B /* SWButton.m */ = {isa = PBXFileReference; fileEncoding = 4; lastKnownFileType = sourcecode.c.objc; path = SWButton.m; sourceTree = "<group>"; };
		7D1B8C0319725F0100E42C85 /* ImageLoader.h */ = {isa = PBXFileReference; fileEncoding = 4; lastKnownFileType = sourcecode.c.h; path = ImageLoader.h; sourceTree = "<group>"; };
		7D1B8C0419725F0100E42C85 /* ImageLoader.m */ = {isa = PBXFileReference; fileEncoding = 4; lastKnownFileType = sourcecode.c.objc; path = ImageLoader.m; sourceTree = "<group>"; };
		7D2EE8B21932212C00D5FE79 /* SWEnterMerchantController.h */ = {isa = PBXFileReference; fileEncoding = 4; lastKnownFileType = sourcecode.c.h; path = SWEnterMerchantController.h; sourceTree = "<group>"; };
		7D2EE8B31932212C00D5FE79 /* SWEnterMerchantController.m */ = {isa = PBXFileReference; fileEncoding = 4; lastKnownFileType = sourcecode.c.objc; path = SWEnterMerchantController.m; sourceTree = "<group>"; };
		7D32C8521931061E0078EFB2 /* Checkbox_ Empty.png */ = {isa = PBXFileReference; lastKnownFileType = image.png; name = "Checkbox_ Empty.png"; path = "Swiff images/Checkbox_ Empty.png"; sourceTree = SOURCE_ROOT; };
		7D32C8531931061E0078EFB2 /* Checkbox_Full.png */ = {isa = PBXFileReference; lastKnownFileType = image.png; name = Checkbox_Full.png; path = "Swiff images/Checkbox_Full.png"; sourceTree = SOURCE_ROOT; };
		7D344C931931AD91008A071B /* empty_checkbox.png */ = {isa = PBXFileReference; lastKnownFileType = image.png; name = empty_checkbox.png; path = "Swiff images/empty_checkbox.png"; sourceTree = SOURCE_ROOT; };
		7D344C951931AEE0008A071B /* radio-button-off-icon.png */ = {isa = PBXFileReference; lastKnownFileType = image.png; name = "radio-button-off-icon.png"; path = "Swiff images/radio-button-off-icon.png"; sourceTree = SOURCE_ROOT; };
		7D344C961931AEE0008A071B /* radio-button-on-icon.png */ = {isa = PBXFileReference; lastKnownFileType = image.png; name = "radio-button-on-icon.png"; path = "Swiff images/radio-button-on-icon.png"; sourceTree = SOURCE_ROOT; };
		7D37B9F01930717A00B2AC73 /* QuartzCore.framework */ = {isa = PBXFileReference; lastKnownFileType = wrapper.framework; name = QuartzCore.framework; path = System/Library/Frameworks/QuartzCore.framework; sourceTree = SDKROOT; };
		7D37B9F219308F6200B2AC73 /* Settings.plist */ = {isa = PBXFileReference; fileEncoding = 4; lastKnownFileType = text.plist.xml; path = Settings.plist; sourceTree = "<group>"; };
		7D37B9F41930A2B300B2AC73 /* SWSettingsController.h */ = {isa = PBXFileReference; fileEncoding = 4; lastKnownFileType = sourcecode.c.h; path = SWSettingsController.h; sourceTree = "<group>"; };
		7D37B9F51930A2B300B2AC73 /* SWSettingsController.m */ = {isa = PBXFileReference; fileEncoding = 4; lastKnownFileType = sourcecode.c.objc; path = SWSettingsController.m; sourceTree = "<group>"; };
		7D3A82CB1960505B00F84343 /* SWUploadProfilePicController.h */ = {isa = PBXFileReference; fileEncoding = 4; lastKnownFileType = sourcecode.c.h; path = SWUploadProfilePicController.h; sourceTree = "<group>"; };
		7D3A82CC1960505B00F84343 /* SWUploadProfilePicController.m */ = {isa = PBXFileReference; fileEncoding = 4; lastKnownFileType = sourcecode.c.objc; path = SWUploadProfilePicController.m; sourceTree = "<group>"; };
		7D3EBFF319702D340087C349 /* ic_home.png */ = {isa = PBXFileReference; lastKnownFileType = image.png; name = ic_home.png; path = "Swiff images/ic_home.png"; sourceTree = SOURCE_ROOT; };
		7D3EBFF5197030DF0087C349 /* ic_settings.png */ = {isa = PBXFileReference; lastKnownFileType = image.png; name = ic_settings.png; path = "Swiff images/ic_settings.png"; sourceTree = SOURCE_ROOT; };
		7D3F8462197AABD5008ACAF7 /* add_friend.png */ = {isa = PBXFileReference; lastKnownFileType = image.png; name = add_friend.png; path = "Swiff images/add_friend.png"; sourceTree = SOURCE_ROOT; };
		7D3F8463197AABD5008ACAF7 /* addafriendlogo.png */ = {isa = PBXFileReference; lastKnownFileType = image.png; name = addafriendlogo.png; path = "Swiff images/addafriendlogo.png"; sourceTree = SOURCE_ROOT; };
		7D3F8466197ABEB9008ACAF7 /* SWInviteFriendController.h */ = {isa = PBXFileReference; fileEncoding = 4; lastKnownFileType = sourcecode.c.h; path = SWInviteFriendController.h; sourceTree = "<group>"; };
		7D3F8467197ABEB9008ACAF7 /* SWInviteFriendController.m */ = {isa = PBXFileReference; fileEncoding = 4; lastKnownFileType = sourcecode.c.objc; path = SWInviteFriendController.m; sourceTree = "<group>"; };
		7D420A3519572E97009AE282 /* SWNetworkDelegate.h */ = {isa = PBXFileReference; lastKnownFileType = sourcecode.c.h; path = SWNetworkDelegate.h; sourceTree = "<group>"; };
		7D420A36195736C5009AE282 /* SWCustomerLocation.h */ = {isa = PBXFileReference; fileEncoding = 4; lastKnownFileType = sourcecode.c.h; path = SWCustomerLocation.h; sourceTree = "<group>"; };
		7D420A37195736C5009AE282 /* SWCustomerLocation.m */ = {isa = PBXFileReference; fileEncoding = 4; lastKnownFileType = sourcecode.c.objc; path = SWCustomerLocation.m; sourceTree = "<group>"; };
		7D4AE76F1967CBB300698B22 /* SqliteStorable.h */ = {isa = PBXFileReference; lastKnownFileType = sourcecode.c.h; path = SqliteStorable.h; sourceTree = "<group>"; };
		7D4AE7701967CC3A00698B22 /* SqliteStorableFactory.h */ = {isa = PBXFileReference; lastKnownFileType = sourcecode.c.h; path = SqliteStorableFactory.h; sourceTree = "<group>"; };
		7D4AE7711967CC8800698B22 /* SqliteStorage.h */ = {isa = PBXFileReference; fileEncoding = 4; lastKnownFileType = sourcecode.c.h; path = SqliteStorage.h; sourceTree = "<group>"; };
		7D4AE7721967CC8800698B22 /* SqliteStorage.m */ = {isa = PBXFileReference; fileEncoding = 4; lastKnownFileType = sourcecode.c.objc; path = SqliteStorage.m; sourceTree = "<group>"; };
		7D4AE7741967CF0900698B22 /* libsqlite3.dylib */ = {isa = PBXFileReference; lastKnownFileType = "compiled.mach-o.dylib"; name = libsqlite3.dylib; path = usr/lib/libsqlite3.dylib; sourceTree = SDKROOT; };
		7D4BAD77197A38540032F5F6 /* FriendsUpdateListener.h */ = {isa = PBXFileReference; lastKnownFileType = sourcecode.c.h; path = FriendsUpdateListener.h; sourceTree = "<group>"; };
		7D537C75195A010A00EF69EE /* SWMerchantOutlet.h */ = {isa = PBXFileReference; fileEncoding = 4; lastKnownFileType = sourcecode.c.h; path = SWMerchantOutlet.h; sourceTree = "<group>"; };
		7D537C76195A010A00EF69EE /* SWMerchantOutlet.m */ = {isa = PBXFileReference; fileEncoding = 4; lastKnownFileType = sourcecode.c.objc; path = SWMerchantOutlet.m; sourceTree = "<group>"; };
		7D55FFA7196913BE0050A993 /* SWFriend.h */ = {isa = PBXFileReference; fileEncoding = 4; lastKnownFileType = sourcecode.c.h; path = SWFriend.h; sourceTree = "<group>"; };
		7D55FFA8196913BE0050A993 /* SWFriend.m */ = {isa = PBXFileReference; fileEncoding = 4; lastKnownFileType = sourcecode.c.objc; path = SWFriend.m; sourceTree = "<group>"; };
		7D55FFAB196918ED0050A993 /* AddFriendsService.h */ = {isa = PBXFileReference; fileEncoding = 4; lastKnownFileType = sourcecode.c.h; path = AddFriendsService.h; sourceTree = "<group>"; };
		7D55FFAC196918ED0050A993 /* AddFriendsService.m */ = {isa = PBXFileReference; fileEncoding = 4; lastKnownFileType = sourcecode.c.objc; path = AddFriendsService.m; sourceTree = "<group>"; };
		7D55FFAF196928260050A993 /* SWFriendsStorage.h */ = {isa = PBXFileReference; fileEncoding = 4; lastKnownFileType = sourcecode.c.h; path = SWFriendsStorage.h; sourceTree = "<group>"; };
		7D55FFB0196928260050A993 /* SWFriendsStorage.m */ = {isa = PBXFileReference; fileEncoding = 4; lastKnownFileType = sourcecode.c.objc; path = SWFriendsStorage.m; sourceTree = "<group>"; };
		7D64A3A2196700E200648339 /* Localizable.strings */ = {isa = PBXFileReference; fileEncoding = 4; lastKnownFileType = text.plist.strings; path = Localizable.strings; sourceTree = "<group>"; };
		7D6DAB28196B117F0097F850 /* SWHomeController.h */ = {isa = PBXFileReference; fileEncoding = 4; lastKnownFileType = sourcecode.c.h; path = SWHomeController.h; sourceTree = "<group>"; };
		7D6DAB29196B117F0097F850 /* SWHomeController.m */ = {isa = PBXFileReference; fileEncoding = 4; lastKnownFileType = sourcecode.c.objc; path = SWHomeController.m; sourceTree = "<group>"; };
		7D6DAB2F196B27050097F850 /* SWRevealViewController.h */ = {isa = PBXFileReference; fileEncoding = 4; lastKnownFileType = sourcecode.c.h; path = SWRevealViewController.h; sourceTree = "<group>"; };
		7D6DAB30196B27050097F850 /* SWRevealViewController.m */ = {isa = PBXFileReference; fileEncoding = 4; lastKnownFileType = sourcecode.c.objc; path = SWRevealViewController.m; sourceTree = "<group>"; };
		7D6DAB32196B271C0097F850 /* SidebarViewController.h */ = {isa = PBXFileReference; fileEncoding = 4; lastKnownFileType = sourcecode.c.h; path = SidebarViewController.h; sourceTree = "<group>"; };
		7D6DAB33196B271C0097F850 /* SidebarViewController.m */ = {isa = PBXFileReference; fileEncoding = 4; lastKnownFileType = sourcecode.c.objc; path = SidebarViewController.m; sourceTree = "<group>"; };
		7D70C8CF198EAAE10071CF48 /* sms.png */ = {isa = PBXFileReference; lastKnownFileType = image.png; name = sms.png; path = "Swiff images/sms.png"; sourceTree = SOURCE_ROOT; };
		7D70C8D1198EACA20071CF48 /* email.png */ = {isa = PBXFileReference; lastKnownFileType = image.png; name = email.png; path = "Swiff images/email.png"; sourceTree = SOURCE_ROOT; };
		7D736B59196989A000CED1A6 /* SWFriendsListController.h */ = {isa = PBXFileReference; fileEncoding = 4; lastKnownFileType = sourcecode.c.h; path = SWFriendsListController.h; sourceTree = "<group>"; };
		7D736B5A196989A000CED1A6 /* SWFriendsListController.m */ = {isa = PBXFileReference; fileEncoding = 4; lastKnownFileType = sourcecode.c.objc; path = SWFriendsListController.m; sourceTree = "<group>"; };
		7D736B5C196989E500CED1A6 /* friend-icon.png */ = {isa = PBXFileReference; lastKnownFileType = image.png; name = "friend-icon.png"; path = "Swiff images/friend-icon.png"; sourceTree = SOURCE_ROOT; };
		7D736B5E19698BC100CED1A6 /* friend-icon-small.png */ = {isa = PBXFileReference; lastKnownFileType = image.png; name = "friend-icon-small.png"; path = "Swiff images/friend-icon-small.png"; sourceTree = SOURCE_ROOT; };
		7D862E1B194C1AA6001C7DCE /* ic_launcher.png */ = {isa = PBXFileReference; lastKnownFileType = image.png; name = ic_launcher.png; path = "Swiff images/ic_launcher.png"; sourceTree = SOURCE_ROOT; };
		7D944EE7192D071100A560CC /* home_filled-25.png */ = {isa = PBXFileReference; lastKnownFileType = image.png; name = "home_filled-25.png"; path = "Swiff images/home_filled-25.png"; sourceTree = SOURCE_ROOT; };
		7D944EE8192D071100A560CC /* settings-25.png */ = {isa = PBXFileReference; lastKnownFileType = image.png; name = "settings-25.png"; path = "Swiff images/settings-25.png"; sourceTree = SOURCE_ROOT; };
		7D944EE9192D071100A560CC /* swiff_logo.gif */ = {isa = PBXFileReference; lastKnownFileType = image.gif; name = swiff_logo.gif; path = "Swiff images/swiff_logo.gif"; sourceTree = SOURCE_ROOT; };
		7DCDAFA21956AB080064F6A0 /* SWProgressIndicator.h */ = {isa = PBXFileReference; fileEncoding = 4; lastKnownFileType = sourcecode.c.h; path = SWProgressIndicator.h; sourceTree = "<group>"; };
		7DCDAFA31956AB080064F6A0 /* SWProgressIndicator.m */ = {isa = PBXFileReference; fileEncoding = 4; lastKnownFileType = sourcecode.c.objc; path = SWProgressIndicator.m; sourceTree = "<group>"; };
		7DCDAFA51956B1800064F6A0 /* SWGeneralStateDialog.h */ = {isa = PBXFileReference; fileEncoding = 4; lastKnownFileType = sourcecode.c.h; path = SWGeneralStateDialog.h; sourceTree = "<group>"; };
		7DCDAFA61956B1800064F6A0 /* SWGeneralStateDialog.m */ = {isa = PBXFileReference; fileEncoding = 4; lastKnownFileType = sourcecode.c.objc; path = SWGeneralStateDialog.m; sourceTree = "<group>"; };
		CE6D8B5919151FD500AF6E03 /* SettingsManager.h */ = {isa = PBXFileReference; fileEncoding = 4; lastKnownFileType = sourcecode.c.h; path = SettingsManager.h; sourceTree = "<group>"; };
		CE6D8B5A19151FD500AF6E03 /* SettingsManager.m */ = {isa = PBXFileReference; fileEncoding = 4; lastKnownFileType = sourcecode.c.objc; path = SettingsManager.m; sourceTree = "<group>"; };
		CE6D8B5D1915542E00AF6E03 /* LocationService.h */ = {isa = PBXFileReference; fileEncoding = 4; lastKnownFileType = sourcecode.c.h; path = LocationService.h; sourceTree = "<group>"; };
		CE6D8B5E1915542E00AF6E03 /* LocationService.m */ = {isa = PBXFileReference; fileEncoding = 4; lastKnownFileType = sourcecode.c.objc; path = LocationService.m; sourceTree = "<group>"; };
		CE6F3204190D363B00D66E1C /* JsonSerializer.h */ = {isa = PBXFileReference; fileEncoding = 4; lastKnownFileType = sourcecode.c.h; path = JsonSerializer.h; sourceTree = "<group>"; };
		CE6F3205190D363B00D66E1C /* JsonSerializer.m */ = {isa = PBXFileReference; fileEncoding = 4; lastKnownFileType = sourcecode.c.objc; path = JsonSerializer.m; sourceTree = "<group>"; };
		CE6F3208190D369F00D66E1C /* Serializable.h */ = {isa = PBXFileReference; lastKnownFileType = sourcecode.c.h; path = Serializable.h; sourceTree = "<group>"; };
		CE6F320A190D51D900D66E1C /* TestObject.h */ = {isa = PBXFileReference; fileEncoding = 4; lastKnownFileType = sourcecode.c.h; path = TestObject.h; sourceTree = "<group>"; };
		CE6F320B190D51D900D66E1C /* TestObject.m */ = {isa = PBXFileReference; fileEncoding = 4; lastKnownFileType = sourcecode.c.objc; path = TestObject.m; sourceTree = "<group>"; };
		CE6F320D190D5E3600D66E1C /* RelatedObject.h */ = {isa = PBXFileReference; fileEncoding = 4; lastKnownFileType = sourcecode.c.h; path = RelatedObject.h; sourceTree = "<group>"; };
		CE6F320E190D5E3600D66E1C /* RelatedObject.m */ = {isa = PBXFileReference; fileEncoding = 4; lastKnownFileType = sourcecode.c.objc; path = RelatedObject.m; sourceTree = "<group>"; };
		CE6FB58D190EC6340034A827 /* SerializableFactory.h */ = {isa = PBXFileReference; lastKnownFileType = sourcecode.c.h; path = SerializableFactory.h; sourceTree = "<group>"; };
		CE767EAE1916015A00629F65 /* MainStoryboard.storyboard */ = {isa = PBXFileReference; fileEncoding = 4; lastKnownFileType = file.storyboard; path = MainStoryboard.storyboard; sourceTree = "<group>"; };
		CE767EB3191606B300629F65 /* SWStartUpControllerViewController.h */ = {isa = PBXFileReference; fileEncoding = 4; lastKnownFileType = sourcecode.c.h; path = SWStartUpControllerViewController.h; sourceTree = "<group>"; };
		CE767EB4191606B300629F65 /* SWStartUpControllerViewController.m */ = {isa = PBXFileReference; fileEncoding = 4; lastKnownFileType = sourcecode.c.objc; path = SWStartUpControllerViewController.m; sourceTree = "<group>"; };
		CE767EB91916177A00629F65 /* SWRegistrationViewController.h */ = {isa = PBXFileReference; fileEncoding = 4; lastKnownFileType = sourcecode.c.h; path = SWRegistrationViewController.h; sourceTree = "<group>"; };
		CE767EBA1916177A00629F65 /* SWRegistrationViewController.m */ = {isa = PBXFileReference; fileEncoding = 4; lastKnownFileType = sourcecode.c.objc; path = SWRegistrationViewController.m; sourceTree = "<group>"; };
		CEF97D18190CD3B9006C5881 /* Swiff.app */ = {isa = PBXFileReference; explicitFileType = wrapper.application; includeInIndex = 0; path = Swiff.app; sourceTree = BUILT_PRODUCTS_DIR; };
		CEF97D1B190CD3B9006C5881 /* UIKit.framework */ = {isa = PBXFileReference; lastKnownFileType = wrapper.framework; name = UIKit.framework; path = System/Library/Frameworks/UIKit.framework; sourceTree = SDKROOT; };
		CEF97D1D190CD3B9006C5881 /* Foundation.framework */ = {isa = PBXFileReference; lastKnownFileType = wrapper.framework; name = Foundation.framework; path = System/Library/Frameworks/Foundation.framework; sourceTree = SDKROOT; };
		CEF97D1F190CD3B9006C5881 /* CoreGraphics.framework */ = {isa = PBXFileReference; lastKnownFileType = wrapper.framework; name = CoreGraphics.framework; path = System/Library/Frameworks/CoreGraphics.framework; sourceTree = SDKROOT; };
		CEF97D23190CD3B9006C5881 /* Swiff-Info.plist */ = {isa = PBXFileReference; lastKnownFileType = text.plist.xml; path = "Swiff-Info.plist"; sourceTree = "<group>"; };
		CEF97D25190CD3B9006C5881 /* en */ = {isa = PBXFileReference; lastKnownFileType = text.plist.strings; name = en; path = en.lproj/InfoPlist.strings; sourceTree = "<group>"; };
		CEF97D27190CD3B9006C5881 /* main.m */ = {isa = PBXFileReference; lastKnownFileType = sourcecode.c.objc; path = main.m; sourceTree = "<group>"; };
		CEF97D29190CD3B9006C5881 /* Swiff-Prefix.pch */ = {isa = PBXFileReference; lastKnownFileType = sourcecode.c.h; path = "Swiff-Prefix.pch"; sourceTree = "<group>"; };
		CEF97D2A190CD3B9006C5881 /* SWAppDelegate.h */ = {isa = PBXFileReference; lastKnownFileType = sourcecode.c.h; path = SWAppDelegate.h; sourceTree = "<group>"; };
		CEF97D2B190CD3B9006C5881 /* SWAppDelegate.m */ = {isa = PBXFileReference; lastKnownFileType = sourcecode.c.objc; path = SWAppDelegate.m; sourceTree = "<group>"; };
		CEF97D2D190CD3B9006C5881 /* Default.png */ = {isa = PBXFileReference; lastKnownFileType = image.png; path = Default.png; sourceTree = "<group>"; };
		CEF97D2F190CD3B9006C5881 /* Default@2x.png */ = {isa = PBXFileReference; lastKnownFileType = image.png; path = "Default@2x.png"; sourceTree = "<group>"; };
		CEF97D31190CD3B9006C5881 /* Default-568h@2x.png */ = {isa = PBXFileReference; lastKnownFileType = image.png; path = "Default-568h@2x.png"; sourceTree = "<group>"; };
		CEF97D38190CD3EF006C5881 /* CoreLocation.framework */ = {isa = PBXFileReference; lastKnownFileType = wrapper.framework; name = CoreLocation.framework; path = System/Library/Frameworks/CoreLocation.framework; sourceTree = SDKROOT; };
/* End PBXFileReference section */

/* Begin PBXFrameworksBuildPhase section */
		CEF97D15190CD3B9006C5881 /* Frameworks */ = {
			isa = PBXFrameworksBuildPhase;
			buildActionMask = 2147483647;
			files = (
				4B958CF6198F93CA00C2A893 /* MessageUI.framework in Frameworks */,
				7D4AE7751967CF0900698B22 /* libsqlite3.dylib in Frameworks */,
				7D37B9F11930717A00B2AC73 /* QuartzCore.framework in Frameworks */,
				CEF97D39190CD3EF006C5881 /* CoreLocation.framework in Frameworks */,
				CEF97D1C190CD3B9006C5881 /* UIKit.framework in Frameworks */,
				CEF97D1E190CD3B9006C5881 /* Foundation.framework in Frameworks */,
				CEF97D20190CD3B9006C5881 /* CoreGraphics.framework in Frameworks */,
			);
			runOnlyForDeploymentPostprocessing = 0;
		};
/* End PBXFrameworksBuildPhase section */

/* Begin PBXGroup section */
		7D1A37CE194D6404002D40DB /* Model */ = {
			isa = PBXGroup;
			children = (
				7D1A37CF194D6434002D40DB /* SWCustomer.h */,
				7D1A37D0194D6434002D40DB /* SWCustomer.m */,
				7D420A36195736C5009AE282 /* SWCustomerLocation.h */,
				7D420A37195736C5009AE282 /* SWCustomerLocation.m */,
				7D537C75195A010A00EF69EE /* SWMerchantOutlet.h */,
				7D537C76195A010A00EF69EE /* SWMerchantOutlet.m */,
				7D55FFA7196913BE0050A993 /* SWFriend.h */,
				7D55FFA8196913BE0050A993 /* SWFriend.m */,
			);
			name = Model;
			sourceTree = "<group>";
		};
		7D1A37D2194D744C002D40DB /* Network */ = {
			isa = PBXGroup;
			children = (
				7D1A37D3194D745D002D40DB /* SWNetwork.h */,
				7D1A37D4194D745D002D40DB /* SWNetwork.m */,
				7D1A37DA194D7FF9002D40DB /* SWNetworkCommunicator.h */,
				7D1A37DB194D7FF9002D40DB /* SWNetworkCommunicator.m */,
			);
			name = Network;
			sourceTree = "<group>";
		};
		7D1A37D6194D7FA8002D40DB /* Exceptions */ = {
			isa = PBXGroup;
			children = (
				7D1A37D7194D7FC6002D40DB /* SWNetworkException.h */,
				7D1A37D8194D7FC6002D40DB /* SWNetworkException.m */,
			);
			name = Exceptions;
			sourceTree = "<group>";
		};
		7D55FFAA196918C80050A993 /* Service */ = {
			isa = PBXGroup;
			children = (
				7D55FFAB196918ED0050A993 /* AddFriendsService.h */,
				7D55FFAC196918ED0050A993 /* AddFriendsService.m */,
			);
			name = Service;
			sourceTree = "<group>";
		};
		7D55FFAE196928120050A993 /* Storage */ = {
			isa = PBXGroup;
			children = (
				7D55FFAF196928260050A993 /* SWFriendsStorage.h */,
				7D55FFB0196928260050A993 /* SWFriendsStorage.m */,
			);
			name = Storage;
			sourceTree = "<group>";
		};
		7D6DAB2E196B26F30097F850 /* SlidingMenu */ = {
			isa = PBXGroup;
			children = (
				7D6DAB2F196B27050097F850 /* SWRevealViewController.h */,
				7D6DAB30196B27050097F850 /* SWRevealViewController.m */,
			);
			name = SlidingMenu;
			sourceTree = "<group>";
		};
		7DCDAFA11956AAE50064F6A0 /* CustomViews */ = {
			isa = PBXGroup;
			children = (
				7DCDAFA21956AB080064F6A0 /* SWProgressIndicator.h */,
				7DCDAFA31956AB080064F6A0 /* SWProgressIndicator.m */,
				7DCDAFA51956B1800064F6A0 /* SWGeneralStateDialog.h */,
				7DCDAFA61956B1800064F6A0 /* SWGeneralStateDialog.m */,
				7D1B737E195F1D7C00D8A03B /* SWButton.h */,
				7D1B737F195F1D7C00D8A03B /* SWButton.m */,
			);
			name = CustomViews;
			sourceTree = "<group>";
		};
		CE6D8B5C191553B800AF6E03 /* Location */ = {
			isa = PBXGroup;
			children = (
				CE6D8B5D1915542E00AF6E03 /* LocationService.h */,
				CE6D8B5E1915542E00AF6E03 /* LocationService.m */,
			);
			name = Location;
			sourceTree = "<group>";
		};
		CE6F3203190D360200D66E1C /* Helper */ = {
			isa = PBXGroup;
			children = (
				CE6F3204190D363B00D66E1C /* JsonSerializer.h */,
				CE6F3205190D363B00D66E1C /* JsonSerializer.m */,
				CE6D8B5919151FD500AF6E03 /* SettingsManager.h */,
				CE6D8B5A19151FD500AF6E03 /* SettingsManager.m */,
				7D4AE7711967CC8800698B22 /* SqliteStorage.h */,
				7D4AE7721967CC8800698B22 /* SqliteStorage.m */,
				7D1B8C0319725F0100E42C85 /* ImageLoader.h */,
				7D1B8C0419725F0100E42C85 /* ImageLoader.m */,
			);
			name = Helper;
			sourceTree = "<group>";
		};
		CE6F3207190D364700D66E1C /* Protocols */ = {
			isa = PBXGroup;
			children = (
				CE6F3208190D369F00D66E1C /* Serializable.h */,
				CE6FB58D190EC6340034A827 /* SerializableFactory.h */,
				7D420A3519572E97009AE282 /* SWNetworkDelegate.h */,
				7D4AE76F1967CBB300698B22 /* SqliteStorable.h */,
				7D4AE7701967CC3A00698B22 /* SqliteStorableFactory.h */,
				7D184FBE1972DAE90028FE6B /* ImageLoaderListener.h */,
				7D4BAD77197A38540032F5F6 /* FriendsUpdateListener.h */,
			);
			name = Protocols;
			sourceTree = "<group>";
		};
		CE6F3209190D51A400D66E1C /* Test */ = {
			isa = PBXGroup;
			children = (
				CE6F320A190D51D900D66E1C /* TestObject.h */,
				CE6F320B190D51D900D66E1C /* TestObject.m */,
				CE6F320D190D5E3600D66E1C /* RelatedObject.h */,
				CE6F320E190D5E3600D66E1C /* RelatedObject.m */,
			);
			name = Test;
			sourceTree = "<group>";
		};
		CE767EB21916067800629F65 /* Controllers */ = {
			isa = PBXGroup;
			children = (
				7D6DAB32196B271C0097F850 /* SidebarViewController.h */,
				7D6DAB33196B271C0097F850 /* SidebarViewController.m */,
				CE767EB3191606B300629F65 /* SWStartUpControllerViewController.h */,
				CE767EB4191606B300629F65 /* SWStartUpControllerViewController.m */,
				CE767EB91916177A00629F65 /* SWRegistrationViewController.h */,
				CE767EBA1916177A00629F65 /* SWRegistrationViewController.m */,
				7D37B9F41930A2B300B2AC73 /* SWSettingsController.h */,
				7D37B9F51930A2B300B2AC73 /* SWSettingsController.m */,
				7D2EE8B21932212C00D5FE79 /* SWEnterMerchantController.h */,
				7D2EE8B31932212C00D5FE79 /* SWEnterMerchantController.m */,
				7D1B737B195F17A400D8A03B /* SWChooseProfilePicController.h */,
				7D1B737C195F17A400D8A03B /* SWChooseProfilePicController.m */,
				7D3A82CB1960505B00F84343 /* SWUploadProfilePicController.h */,
				7D3A82CC1960505B00F84343 /* SWUploadProfilePicController.m */,
				7D736B59196989A000CED1A6 /* SWFriendsListController.h */,
				7D736B5A196989A000CED1A6 /* SWFriendsListController.m */,
				7D6DAB28196B117F0097F850 /* SWHomeController.h */,
				7D6DAB29196B117F0097F850 /* SWHomeController.m */,
				7D3F8466197ABEB9008ACAF7 /* SWInviteFriendController.h */,
				7D3F8467197ABEB9008ACAF7 /* SWInviteFriendController.m */,
			);
			name = Controllers;
			sourceTree = "<group>";
		};
		CEF97D0F190CD3B9006C5881 = {
			isa = PBXGroup;
			children = (
				CEF97D21190CD3B9006C5881 /* Swiff */,
				CEF97D1A190CD3B9006C5881 /* Frameworks */,
				CEF97D19190CD3B9006C5881 /* Products */,
			);
			sourceTree = "<group>";
		};
		CEF97D19190CD3B9006C5881 /* Products */ = {
			isa = PBXGroup;
			children = (
				CEF97D18190CD3B9006C5881 /* Swiff.app */,
			);
			name = Products;
			sourceTree = "<group>";
		};
		CEF97D1A190CD3B9006C5881 /* Frameworks */ = {
			isa = PBXGroup;
			children = (
				4B958CF5198F93CA00C2A893 /* MessageUI.framework */,
				7D4AE7741967CF0900698B22 /* libsqlite3.dylib */,
				7D37B9F01930717A00B2AC73 /* QuartzCore.framework */,
				CEF97D38190CD3EF006C5881 /* CoreLocation.framework */,
				CEF97D1B190CD3B9006C5881 /* UIKit.framework */,
				CEF97D1D190CD3B9006C5881 /* Foundation.framework */,
				CEF97D1F190CD3B9006C5881 /* CoreGraphics.framework */,
			);
			name = Frameworks;
			sourceTree = "<group>";
		};
		CEF97D21190CD3B9006C5881 /* Swiff */ = {
			isa = PBXGroup;
			children = (
				7D6DAB2E196B26F30097F850 /* SlidingMenu */,
				7D55FFAE196928120050A993 /* Storage */,
				7D55FFAA196918C80050A993 /* Service */,
				7DCDAFA11956AAE50064F6A0 /* CustomViews */,
				7D1A37D6194D7FA8002D40DB /* Exceptions */,
				7D1A37D2194D744C002D40DB /* Network */,
				7D1A37CE194D6404002D40DB /* Model */,
				CE767EB21916067800629F65 /* Controllers */,
				CE6D8B5C191553B800AF6E03 /* Location */,
				CE6F3209190D51A400D66E1C /* Test */,
				CE6F3207190D364700D66E1C /* Protocols */,
				CE6F3203190D360200D66E1C /* Helper */,
				CEF97D2A190CD3B9006C5881 /* SWAppDelegate.h */,
				CEF97D2B190CD3B9006C5881 /* SWAppDelegate.m */,
				CEF97D22190CD3B9006C5881 /* Supporting Files */,
				CE767EAE1916015A00629F65 /* MainStoryboard.storyboard */,
			);
			path = Swiff;
			sourceTree = "<group>";
		};
		CEF97D22190CD3B9006C5881 /* Supporting Files */ = {
			isa = PBXGroup;
			children = (
				7D70C8D1198EACA20071CF48 /* email.png */,
				7D70C8CF198EAAE10071CF48 /* sms.png */,
				7D3F8462197AABD5008ACAF7 /* add_friend.png */,
				7D3F8463197AABD5008ACAF7 /* addafriendlogo.png */,
				7D3EBFF5197030DF0087C349 /* ic_settings.png */,
				7D3EBFF319702D340087C349 /* ic_home.png */,
				4B9A8115196BC3EB00E3F1BA /* menu.png */,
				4B9A8116196BC3EB00E3F1BA /* menu@2x.png */,
				7D736B5E19698BC100CED1A6 /* friend-icon-small.png */,
				7D736B5C196989E500CED1A6 /* friend-icon.png */,
				7D1B7379195F169C00D8A03B /* whiteButton.png */,
				7D1B7377195F15EB00D8A03B /* whiteButtonHighlight.png */,
				7D167222194C3F650005FC96 /* cawver-logo.png */,
				7D862E1B194C1AA6001C7DCE /* ic_launcher.png */,
				7D344C951931AEE0008A071B /* radio-button-off-icon.png */,
				7D344C961931AEE0008A071B /* radio-button-on-icon.png */,
				7D344C931931AD91008A071B /* empty_checkbox.png */,
				7D32C8521931061E0078EFB2 /* Checkbox_ Empty.png */,
				7D32C8531931061E0078EFB2 /* Checkbox_Full.png */,
				7D944EE7192D071100A560CC /* home_filled-25.png */,
				7D944EE8192D071100A560CC /* settings-25.png */,
				7D944EE9192D071100A560CC /* swiff_logo.gif */,
				CEF97D23190CD3B9006C5881 /* Swiff-Info.plist */,
				CEF97D24190CD3B9006C5881 /* InfoPlist.strings */,
				CEF97D27190CD3B9006C5881 /* main.m */,
				CEF97D29190CD3B9006C5881 /* Swiff-Prefix.pch */,
				CEF97D2D190CD3B9006C5881 /* Default.png */,
				CEF97D2F190CD3B9006C5881 /* Default@2x.png */,
				CEF97D31190CD3B9006C5881 /* Default-568h@2x.png */,
				7D37B9F219308F6200B2AC73 /* Settings.plist */,
				7D1A37DF194D8084002D40DB /* endpointProperties.plist */,
				7D64A3A2196700E200648339 /* Localizable.strings */,
			);
			name = "Supporting Files";
			sourceTree = "<group>";
		};
/* End PBXGroup section */

/* Begin PBXNativeTarget section */
		CEF97D17190CD3B9006C5881 /* Swiff */ = {
			isa = PBXNativeTarget;
			buildConfigurationList = CEF97D35190CD3B9006C5881 /* Build configuration list for PBXNativeTarget "Swiff" */;
			buildPhases = (
				CEF97D14190CD3B9006C5881 /* Sources */,
				CEF97D15190CD3B9006C5881 /* Frameworks */,
				CEF97D16190CD3B9006C5881 /* Resources */,
			);
			buildRules = (
			);
			dependencies = (
			);
			name = Swiff;
			productName = Swiff;
			productReference = CEF97D18190CD3B9006C5881 /* Swiff.app */;
			productType = "com.apple.product-type.application";
		};
/* End PBXNativeTarget section */

/* Begin PBXProject section */
		CEF97D10190CD3B9006C5881 /* Project object */ = {
			isa = PBXProject;
			attributes = {
				CLASSPREFIX = SW;
				LastUpgradeCheck = 0460;
				ORGANIZATIONNAME = TechHouse;
			};
			buildConfigurationList = CEF97D13190CD3B9006C5881 /* Build configuration list for PBXProject "Swiff" */;
			compatibilityVersion = "Xcode 3.2";
			developmentRegion = English;
			hasScannedForEncodings = 0;
			knownRegions = (
				en,
			);
			mainGroup = CEF97D0F190CD3B9006C5881;
			productRefGroup = CEF97D19190CD3B9006C5881 /* Products */;
			projectDirPath = "";
			projectRoot = "";
			targets = (
				CEF97D17190CD3B9006C5881 /* Swiff */,
			);
		};
/* End PBXProject section */

/* Begin PBXResourcesBuildPhase section */
		CEF97D16190CD3B9006C5881 /* Resources */ = {
			isa = PBXResourcesBuildPhase;
			buildActionMask = 2147483647;
			files = (
				7D1B737A195F169C00D8A03B /* whiteButton.png in Resources */,
				7D3F8465197AABD5008ACAF7 /* addafriendlogo.png in Resources */,
				7D1B7378195F15EB00D8A03B /* whiteButtonHighlight.png in Resources */,
				4B9A8117196BC3EB00E3F1BA /* menu.png in Resources */,
				CEF97D26190CD3B9006C5881 /* InfoPlist.strings in Resources */,
				7D344C981931AEE0008A071B /* radio-button-on-icon.png in Resources */,
				CEF97D2E190CD3B9006C5881 /* Default.png in Resources */,
				7D70C8D0198EAAE10071CF48 /* sms.png in Resources */,
				7D70C8D2198EACA20071CF48 /* email.png in Resources */,
				7D64A3A3196700E200648339 /* Localizable.strings in Resources */,
				7D344C941931AD91008A071B /* empty_checkbox.png in Resources */,
				7D862E1C194C1AA6001C7DCE /* ic_launcher.png in Resources */,
				7D736B5D196989E500CED1A6 /* friend-icon.png in Resources */,
				7D3EBFF6197030DF0087C349 /* ic_settings.png in Resources */,
				CEF97D30190CD3B9006C5881 /* Default@2x.png in Resources */,
				7D736B5F19698BC100CED1A6 /* friend-icon-small.png in Resources */,
				7D37B9F319308F6200B2AC73 /* Settings.plist in Resources */,
				4B9A8118196BC3EB00E3F1BA /* menu@2x.png in Resources */,
				CEF97D32190CD3B9006C5881 /* Default-568h@2x.png in Resources */,
				7D167223194C3F650005FC96 /* cawver-logo.png in Resources */,
				7D32C8541931061E0078EFB2 /* Checkbox_ Empty.png in Resources */,
				7D944EEC192D071100A560CC /* swiff_logo.gif in Resources */,
				7D32C8551931061E0078EFB2 /* Checkbox_Full.png in Resources */,
				7D3F8464197AABD5008ACAF7 /* add_friend.png in Resources */,
				7D344C971931AEE0008A071B /* radio-button-off-icon.png in Resources */,
				CE767EAF1916015A00629F65 /* MainStoryboard.storyboard in Resources */,
				7D944EEA192D071100A560CC /* home_filled-25.png in Resources */,
				7D944EEB192D071100A560CC /* settings-25.png in Resources */,
				7D1A37E0194D8084002D40DB /* endpointProperties.plist in Resources */,
				7D3EBFF419702D340087C349 /* ic_home.png in Resources */,
			);
			runOnlyForDeploymentPostprocessing = 0;
		};
/* End PBXResourcesBuildPhase section */

/* Begin PBXSourcesBuildPhase section */
		CEF97D14190CD3B9006C5881 /* Sources */ = {
			isa = PBXSourcesBuildPhase;
			buildActionMask = 2147483647;
			files = (
				CEF97D28190CD3B9006C5881 /* main.m in Sources */,
				7D2EE8B41932212C00D5FE79 /* SWEnterMerchantController.m in Sources */,
				7D537C77195A010A00EF69EE /* SWMerchantOutlet.m in Sources */,
				7D3F8468197ABEB9008ACAF7 /* SWInviteFriendController.m in Sources */,
				CEF97D2C190CD3B9006C5881 /* SWAppDelegate.m in Sources */,
				7D1A37D1194D6434002D40DB /* SWCustomer.m in Sources */,
				CE6F3206190D363B00D66E1C /* JsonSerializer.m in Sources */,
				CE6F320C190D51D900D66E1C /* TestObject.m in Sources */,
				7D6DAB2A196B117F0097F850 /* SWHomeController.m in Sources */,
				7D55FFA9196913BE0050A993 /* SWFriend.m in Sources */,
				7DCDAFA71956B1800064F6A0 /* SWGeneralStateDialog.m in Sources */,
				CE6F320F190D5E3600D66E1C /* RelatedObject.m in Sources */,
				7D420A38195736C5009AE282 /* SWCustomerLocation.m in Sources */,
				7D55FFB1196928260050A993 /* SWFriendsStorage.m in Sources */,
				7D4AE7731967CC8800698B22 /* SqliteStorage.m in Sources */,
				CE6D8B5B19151FD500AF6E03 /* SettingsManager.m in Sources */,
				7D6DAB34196B271C0097F850 /* SidebarViewController.m in Sources */,
				7D55FFAD196918ED0050A993 /* AddFriendsService.m in Sources */,
				7D3A82CD1960505B00F84343 /* SWUploadProfilePicController.m in Sources */,
				CE6D8B5F1915542E00AF6E03 /* LocationService.m in Sources */,
				7D37B9F61930A2B300B2AC73 /* SWSettingsController.m in Sources */,
				7D1B737D195F17A400D8A03B /* SWChooseProfilePicController.m in Sources */,
				7D1A37D9194D7FC6002D40DB /* SWNetworkException.m in Sources */,
				7D1B7380195F1D7C00D8A03B /* SWButton.m in Sources */,
				CE767EB5191606B300629F65 /* SWStartUpControllerViewController.m in Sources */,
				7D6DAB31196B27050097F850 /* SWRevealViewController.m in Sources */,
				7D1B8C0519725F0100E42C85 /* ImageLoader.m in Sources */,
				7DCDAFA41956AB080064F6A0 /* SWProgressIndicator.m in Sources */,
				CE767EBB1916177A00629F65 /* SWRegistrationViewController.m in Sources */,
				7D1A37D5194D745D002D40DB /* SWNetwork.m in Sources */,
				7D1A37DC194D7FF9002D40DB /* SWNetworkCommunicator.m in Sources */,
				7D736B5B196989A000CED1A6 /* SWFriendsListController.m in Sources */,
			);
			runOnlyForDeploymentPostprocessing = 0;
		};
/* End PBXSourcesBuildPhase section */

/* Begin PBXVariantGroup section */
		CEF97D24190CD3B9006C5881 /* InfoPlist.strings */ = {
			isa = PBXVariantGroup;
			children = (
				CEF97D25190CD3B9006C5881 /* en */,
			);
			name = InfoPlist.strings;
			sourceTree = "<group>";
		};
/* End PBXVariantGroup section */

/* Begin XCBuildConfiguration section */
		CEF97D33190CD3B9006C5881 /* Debug */ = {
			isa = XCBuildConfiguration;
			buildSettings = {
				ALWAYS_SEARCH_USER_PATHS = NO;
				CLANG_CXX_LANGUAGE_STANDARD = "gnu++0x";
				CLANG_CXX_LIBRARY = "libc++";
				CLANG_ENABLE_OBJC_ARC = YES;
				CLANG_WARN_CONSTANT_CONVERSION = YES;
				CLANG_WARN_EMPTY_BODY = YES;
				CLANG_WARN_ENUM_CONVERSION = YES;
				CLANG_WARN_INT_CONVERSION = YES;
				CLANG_WARN__DUPLICATE_METHOD_MATCH = YES;
				"CODE_SIGN_IDENTITY[sdk=iphoneos*]" = "iPhone Developer";
				COPY_PHASE_STRIP = NO;
				GCC_C_LANGUAGE_STANDARD = gnu99;
				GCC_DYNAMIC_NO_PIC = NO;
				GCC_OPTIMIZATION_LEVEL = 0;
				GCC_PREPROCESSOR_DEFINITIONS = (
					"DEBUG=1",
					"$(inherited)",
				);
				GCC_SYMBOLS_PRIVATE_EXTERN = NO;
				GCC_WARN_ABOUT_RETURN_TYPE = YES;
				GCC_WARN_UNINITIALIZED_AUTOS = YES;
				GCC_WARN_UNUSED_VARIABLE = YES;
				IPHONEOS_DEPLOYMENT_TARGET = 6.1;
				ONLY_ACTIVE_ARCH = YES;
				SDKROOT = iphoneos;
			};
			name = Debug;
		};
		CEF97D34190CD3B9006C5881 /* Release */ = {
			isa = XCBuildConfiguration;
			buildSettings = {
				ALWAYS_SEARCH_USER_PATHS = NO;
				CLANG_CXX_LANGUAGE_STANDARD = "gnu++0x";
				CLANG_CXX_LIBRARY = "libc++";
				CLANG_ENABLE_OBJC_ARC = YES;
				CLANG_WARN_CONSTANT_CONVERSION = YES;
				CLANG_WARN_EMPTY_BODY = YES;
				CLANG_WARN_ENUM_CONVERSION = YES;
				CLANG_WARN_INT_CONVERSION = YES;
				CLANG_WARN__DUPLICATE_METHOD_MATCH = YES;
				"CODE_SIGN_IDENTITY[sdk=iphoneos*]" = "iPhone Developer";
				COPY_PHASE_STRIP = YES;
				GCC_C_LANGUAGE_STANDARD = gnu99;
				GCC_WARN_ABOUT_RETURN_TYPE = YES;
				GCC_WARN_UNINITIALIZED_AUTOS = YES;
				GCC_WARN_UNUSED_VARIABLE = YES;
				IPHONEOS_DEPLOYMENT_TARGET = 6.1;
				OTHER_CFLAGS = "-DNS_BLOCK_ASSERTIONS=1";
				SDKROOT = iphoneos;
				VALIDATE_PRODUCT = YES;
			};
			name = Release;
		};
		CEF97D36190CD3B9006C5881 /* Debug */ = {
			isa = XCBuildConfiguration;
			buildSettings = {
				GCC_PRECOMPILE_PREFIX_HEADER = YES;
				GCC_PREFIX_HEADER = "Swiff/Swiff-Prefix.pch";
				INFOPLIST_FILE = "Swiff/Swiff-Info.plist";
				PRODUCT_NAME = "$(TARGET_NAME)";
				WRAPPER_EXTENSION = app;
			};
			name = Debug;
		};
		CEF97D37190CD3B9006C5881 /* Release */ = {
			isa = XCBuildConfiguration;
			buildSettings = {
				GCC_PRECOMPILE_PREFIX_HEADER = YES;
				GCC_PREFIX_HEADER = "Swiff/Swiff-Prefix.pch";
				INFOPLIST_FILE = "Swiff/Swiff-Info.plist";
				PRODUCT_NAME = "$(TARGET_NAME)";
				WRAPPER_EXTENSION = app;
			};
			name = Release;
		};
/* End XCBuildConfiguration section */

/* Begin XCConfigurationList section */
		CEF97D13190CD3B9006C5881 /* Build configuration list for PBXProject "Swiff" */ = {
			isa = XCConfigurationList;
			buildConfigurations = (
				CEF97D33190CD3B9006C5881 /* Debug */,
				CEF97D34190CD3B9006C5881 /* Release */,
			);
			defaultConfigurationIsVisible = 0;
			defaultConfigurationName = Release;
		};
		CEF97D35190CD3B9006C5881 /* Build configuration list for PBXNativeTarget "Swiff" */ = {
			isa = XCConfigurationList;
			buildConfigurations = (
				CEF97D36190CD3B9006C5881 /* Debug */,
				CEF97D37190CD3B9006C5881 /* Release */,
			);
			defaultConfigurationIsVisible = 0;
			defaultConfigurationName = Release;
		};
/* End XCConfigurationList section */
	};
	rootObject = CEF97D10190CD3B9006C5881 /* Project object */;
}
